
Microsoft Visual Studio Solution File, Format Version 10.00
# Visual Studio 2008
Project("{FAE04EC0-301F-11D3-BF4B-00C04F79EFBC}") = "R3D", "R3D\R3D.csproj", "{A3C6F85B-FD36-4F06-9868-4A086D91287B}"
EndProject
Project("{FAE04EC0-301F-11D3-BF4B-00C04F79EFBC}") = "Ra2Develop", "Ra2Develop\Ra2Develop.csproj", "{AA72D449-B468-4698-A28D-926E2225FC5A}"
EndProject
Project("{FAE04EC0-301F-11D3-BF4B-00C04F79EFBC}") = "Expandmd", "Expand\Expandmd.csproj", "{7E01EC57-FEFA-4F3A-8914-B82FD3C11981}"
EndProject
Project("{FAE04EC0-301F-11D3-BF4B-00C04F79EFBC}") = "LangResource", "LangResource\LangResource.csproj", "{4681639D-EADC-435F-A79C-1EF3CCB718FC}"
EndProject
Project("{8BC9CEB8-8B4A-11D0-8D11-00A0C91BC942}") = "R3DCommon", "R3DCommon\R3DCommon.vcproj", "{F8F7AD73-30B4-400A-A24F-177A106704A8}"
EndProject
Global
	GlobalSection(SolutionConfigurationPlatforms) = preSolution
		Debug|Any CPU = Debug|Any CPU
		Debug|Mixed Platforms = Debug|Mixed Platforms
		Debug|Win32 = Debug|Win32
		Public|Any CPU = Public|Any CPU
		Public|Mixed Platforms = Public|Mixed Platforms
		Public|Win32 = Public|Win32
		Release|Any CPU = Release|Any CPU
		Release|Mixed Platforms = Release|Mixed Platforms
		Release|Win32 = Release|Win32
	EndGlobalSection
	GlobalSection(ProjectConfigurationPlatforms) = postSolution
		{A3C6F85B-FD36-4F06-9868-4A086D91287B}.Debug|Any CPU.ActiveCfg = Debug|Any CPU
		{A3C6F85B-FD36-4F06-9868-4A086D91287B}.Debug|Any CPU.Build.0 = Debug|Any CPU
		{A3C6F85B-FD36-4F06-9868-4A086D91287B}.Debug|Mixed Platforms.ActiveCfg = Debug|Any CPU
		{A3C6F85B-FD36-4F06-9868-4A086D91287B}.Debug|Mixed Platforms.Build.0 = Debug|Any CPU
		{A3C6F85B-FD36-4F06-9868-4A086D91287B}.Debug|Win32.ActiveCfg = Debug|Any CPU
		{A3C6F85B-FD36-4F06-9868-4A086D91287B}.Public|Any CPU.ActiveCfg = Release|Any CPU
		{A3C6F85B-FD36-4F06-9868-4A086D91287B}.Public|Any CPU.Build.0 = Release|Any CPU
		{A3C6F85B-FD36-4F06-9868-4A086D91287B}.Public|Mixed Platforms.ActiveCfg = Release|Any CPU
		{A3C6F85B-FD36-4F06-9868-4A086D91287B}.Public|Mixed Platforms.Build.0 = Release|Any CPU
		{A3C6F85B-FD36-4F06-9868-4A086D91287B}.Public|Win32.ActiveCfg = Release|Any CPU
		{A3C6F85B-FD36-4F06-9868-4A086D91287B}.Release|Any CPU.ActiveCfg = Release|Any CPU
		{A3C6F85B-FD36-4F06-9868-4A086D91287B}.Release|Any CPU.Build.0 = Release|Any CPU
		{A3C6F85B-FD36-4F06-9868-4A086D91287B}.Release|Mixed Platforms.ActiveCfg = Release|Any CPU
		{A3C6F85B-FD36-4F06-9868-4A086D91287B}.Release|Mixed Platforms.Build.0 = Release|Any CPU
		{A3C6F85B-FD36-4F06-9868-4A086D91287B}.Release|Win32.ActiveCfg = Release|Any CPU
		{AA72D449-B468-4698-A28D-926E2225FC5A}.Debug|Any CPU.ActiveCfg = Debug|Any CPU
		{AA72D449-B468-4698-A28D-926E2225FC5A}.Debug|Any CPU.Build.0 = Debug|Any CPU
		{AA72D449-B468-4698-A28D-926E2225FC5A}.Debug|Mixed Platforms.ActiveCfg = Debug|Any CPU
		{AA72D449-B468-4698-A28D-926E2225FC5A}.Debug|Mixed Platforms.Build.0 = Debug|Any CPU
		{AA72D449-B468-4698-A28D-926E2225FC5A}.Debug|Win32.ActiveCfg = Debug|Any CPU
		{AA72D449-B468-4698-A28D-926E2225FC5A}.Public|Any CPU.ActiveCfg = Release|Any CPU
		{AA72D449-B468-4698-A28D-926E2225FC5A}.Public|Any CPU.Build.0 = Release|Any CPU
		{AA72D449-B468-4698-A28D-926E2225FC5A}.Public|Mixed Platforms.ActiveCfg = Release|Any CPU
		{AA72D449-B468-4698-A28D-926E2225FC5A}.Public|Mixed Platforms.Build.0 = Release|Any CPU
		{AA72D449-B468-4698-A28D-926E2225FC5A}.Public|Win32.ActiveCfg = Release|Any CPU
		{AA72D449-B468-4698-A28D-926E2225FC5A}.Release|Any CPU.ActiveCfg = Release|Any CPU
		{AA72D449-B468-4698-A28D-926E2225FC5A}.Release|Any CPU.Build.0 = Release|Any CPU
		{AA72D449-B468-4698-A28D-926E2225FC5A}.Release|Mixed Platforms.ActiveCfg = Release|Any CPU
		{AA72D449-B468-4698-A28D-926E2225FC5A}.Release|Mixed Platforms.Build.0 = Release|Any CPU
		{AA72D449-B468-4698-A28D-926E2225FC5A}.Release|Win32.ActiveCfg = Release|Any CPU
		{7E01EC57-FEFA-4F3A-8914-B82FD3C11981}.Debug|Any CPU.ActiveCfg = Debug|Any CPU
		{7E01EC57-FEFA-4F3A-8914-B82FD3C11981}.Debug|Any CPU.Build.0 = Debug|Any CPU
		{7E01EC57-FEFA-4F3A-8914-B82FD3C11981}.Debug|Mixed Platforms.ActiveCfg = Debug|Any CPU
		{7E01EC57-FEFA-4F3A-8914-B82FD3C11981}.Debug|Mixed Platforms.Build.0 = Debug|Any CPU
		{7E01EC57-FEFA-4F3A-8914-B82FD3C11981}.Debug|Win32.ActiveCfg = Debug|Any CPU
		{7E01EC57-FEFA-4F3A-8914-B82FD3C11981}.Public|Any CPU.ActiveCfg = Release|Any CPU
		{7E01EC57-FEFA-4F3A-8914-B82FD3C11981}.Public|Any CPU.Build.0 = Release|Any CPU
		{7E01EC57-FEFA-4F3A-8914-B82FD3C11981}.Public|Mixed Platforms.ActiveCfg = Release|Any CPU
		{7E01EC57-FEFA-4F3A-8914-B82FD3C11981}.Public|Mixed Platforms.Build.0 = Release|Any CPU
		{7E01EC57-FEFA-4F3A-8914-B82FD3C11981}.Public|Win32.ActiveCfg = Release|Any CPU
		{7E01EC57-FEFA-4F3A-8914-B82FD3C11981}.Release|Any CPU.ActiveCfg = Release|Any CPU
		{7E01EC57-FEFA-4F3A-8914-B82FD3C11981}.Release|Any CPU.Build.0 = Release|Any CPU
		{7E01EC57-FEFA-4F3A-8914-B82FD3C11981}.Release|Mixed Platforms.ActiveCfg = Release|Any CPU
		{7E01EC57-FEFA-4F3A-8914-B82FD3C11981}.Release|Mixed Platforms.Build.0 = Release|Any CPU
		{7E01EC57-FEFA-4F3A-8914-B82FD3C11981}.Release|Win32.ActiveCfg = Release|Any CPU
		{4681639D-EADC-435F-A79C-1EF3CCB718FC}.Debug|Any CPU.ActiveCfg = Debug|Any CPU
		{4681639D-EADC-435F-A79C-1EF3CCB718FC}.Debug|Any CPU.Build.0 = Debug|Any CPU
		{4681639D-EADC-435F-A79C-1EF3CCB718FC}.Debug|Mixed Platforms.ActiveCfg = Debug|Any CPU
		{4681639D-EADC-435F-A79C-1EF3CCB718FC}.Debug|Mixed Platforms.Build.0 = Debug|Any CPU
		{4681639D-EADC-435F-A79C-1EF3CCB718FC}.Debug|Win32.ActiveCfg = Debug|Any CPU
		{4681639D-EADC-435F-A79C-1EF3CCB718FC}.Public|Any CPU.ActiveCfg = Release|Any CPU
		{4681639D-EADC-435F-A79C-1EF3CCB718FC}.Public|Any CPU.Build.0 = Release|Any CPU
		{4681639D-EADC-435F-A79C-1EF3CCB718FC}.Public|Mixed Platforms.ActiveCfg = Release|Any CPU
		{4681639D-EADC-435F-A79C-1EF3CCB718FC}.Public|Mixed Platforms.Build.0 = Release|Any CPU
		{4681639D-EADC-435F-A79C-1EF3CCB718FC}.Public|Win32.ActiveCfg = Release|Any CPU
		{4681639D-EADC-435F-A79C-1EF3CCB718FC}.Release|Any CPU.ActiveCfg = Release|Any CPU
		{4681639D-EADC-435F-A79C-1EF3CCB718FC}.Release|Any CPU.Build.0 = Release|Any CPU
		{4681639D-EADC-435F-A79C-1EF3CCB718FC}.Release|Mixed Platforms.ActiveCfg = Release|Any CPU
		{4681639D-EADC-435F-A79C-1EF3CCB718FC}.Release|Mixed Platforms.Build.0 = Release|Any CPU
		{4681639D-EADC-435F-A79C-1EF3CCB718FC}.Release|Win32.ActiveCfg = Release|Any CPU
		{F8F7AD73-30B4-400A-A24F-177A106704A8}.Debug|Any CPU.ActiveCfg = Debug|Win32
		{F8F7AD73-30B4-400A-A24F-177A106704A8}.Debug|Mixed Platforms.ActiveCfg = Debug|Win32
		{F8F7AD73-30B4-400A-A24F-177A106704A8}.Debug|Win32.ActiveCfg = Debug|Win32
		{F8F7AD73-30B4-400A-A24F-177A106704A8}.Debug|Win32.Build.0 = Debug|Win32
		{F8F7AD73-30B4-400A-A24F-177A106704A8}.Public|Any CPU.ActiveCfg = Release|Win32
		{F8F7AD73-30B4-400A-A24F-177A106704A8}.Public|Mixed Platforms.ActiveCfg = Release|Win32
		{F8F7AD73-30B4-400A-A24F-177A106704A8}.Public|Mixed Platforms.Build.0 = Release|Win32
		{F8F7AD73-30B4-400A-A24F-177A106704A8}.Public|Win32.ActiveCfg = Release|Win32
		{F8F7AD73-30B4-400A-A24F-177A106704A8}.Public|Win32.Build.0 = Release|Win32
		{F8F7AD73-30B4-400A-A24F-177A106704A8}.Release|Any CPU.ActiveCfg = Release|Win32
		{F8F7AD73-30B4-400A-A24F-177A106704A8}.Release|Mixed Platforms.ActiveCfg = Release|Win32
		{F8F7AD73-30B4-400A-A24F-177A106704A8}.Release|Mixed Platforms.Build.0 = Release|Win32
		{F8F7AD73-30B4-400A-A24F-177A106704A8}.Release|Win32.ActiveCfg = Release|Win32
		{F8F7AD73-30B4-400A-A24F-177A106704A8}.Release|Win32.Build.0 = Release|Win32
	EndGlobalSection
	GlobalSection(SolutionProperties) = preSolution
		HideSolutionNode = FALSE
	EndGlobalSection
EndGlobal
